
Microsoft Visual Studio Solution File, Format Version 12.00
# Visual Studio Version 16
VisualStudioVersion = 16.0.30309.148
MinimumVisualStudioVersion = 10.0.40219.1
Project("{FAE04EC0-301F-11D3-BF4B-00C04F79EFBC}") = "DeserializeClassBuilder", "DeserializeClassBuilder.csproj", "{9C74718B-7C1B-42A1-9F1E-55C038F1CB9E}"
EndProject
Global
	GlobalSection(SolutionConfigurationPlatforms) = preSolution
		Debug|Any CPU = Debug|Any CPU
		Release|Any CPU = Release|Any CPU
	EndGlobalSection
	GlobalSection(ProjectConfigurationPlatforms) = postSolution
		{9C74718B-7C1B-42A1-9F1E-55C038F1CB9E}.Debug|Any CPU.ActiveCfg = Debug|Any CPU
		{9C74718B-7C1B-42A1-9F1E-55C038F1CB9E}.Debug|Any CPU.Build.0 = Debug|Any CPU
		{9C74718B-7C1B-42A1-9F1E-55C038F1CB9E}.Release|Any CPU.ActiveCfg = Release|Any CPU
		{9C74718B-7C1B-42A1-9F1E-55C038F1CB9E}.Release|Any CPU.Build.0 = Release|Any CPU
	EndGlobalSection
	GlobalSection(SolutionProperties) = preSolution
		HideSolutionNode = FALSE
	EndGlobalSection
	GlobalSection(ExtensibilityGlobals) = postSolution
		SolutionGuid = {2AAAC5C2-AEEC-48E5-A130-B941C272F8DD}
	EndGlobalSection
EndGlobal
